
Microsoft Visual Studio Solution File, Format Version 11.00
# Visual Studio 2010
Project("{8BC9CEB8-8B4A-11D0-8D11-00A0C91BC942}") = "MintermMinimizer", "MintermMinimizer\MintermMinimizer.vcxproj", "{120266CC-165B-4221-A5A5-6C1B01C55AF5}"
EndProject
Global
	GlobalSection(SolutionConfigurationPlatforms) = preSolution
		Debug|Win32 = Debug|Win32
		Release|Win32 = Release|Win32
	EndGlobalSection
	GlobalSection(ProjectConfigurationPlatforms) = postSolution
		{120266CC-165B-4221-A5A5-6C1B01C55AF5}.Debug|Win32.ActiveCfg = Debug|Win32
		{120266CC-165B-4221-A5A5-6C1B01C55AF5}.Debug|Win32.Build.0 = Debug|Win32
		{120266CC-165B-4221-A5A5-6C1B01C55AF5}.Release|Win32.ActiveCfg = Release|Win32
		{120266CC-165B-4221-A5A5-6C1B01C55AF5}.Release|Win32.Build.0 = Release|Win32
	EndGlobalSection
	GlobalSection(SolutionProperties) = preSolution
		HideSolutionNode = FALSE
	EndGlobalSection
EndGlobal
